<?xml version="1.0" encoding="UTF-8"?>
<Project ToolsVersion="14.0" xmlns="http://schemas.microsoft.com/developer/msbuild/2003">
  <ItemGroup>
    <CustomBuild Include="D:\git-innoaus\devtools\zxing-cpp\vs2015_build\CMakeFiles\22509c5d3af5aaad8ec7ac63b8686582\INSTALL_force.rule">
      <Filter>CMake Rules</Filter>
    </CustomBuild>
  </ItemGroup>
  <ItemGroup>
    <Filter Include="CMake Rules">
      <UniqueIdentifier>{8EF79BEA-3580-3682-ADAF-0F8542634C58}</UniqueIdentifier>
    </Filter>
  </ItemGroup>
</Project>
