Microsoft Visual Studio Solution File, Format Version 12.00
# Visual Studio 14
Project("{8BC9CEB8-8B4A-11D0-8D11-00A0C91BC942}") = "ALL_BUILD", "ALL_BUILD.vcxproj", "{AFD8871B-7020-314A-A1A6-2FEA9FB383EA}"
	ProjectSection(ProjectDependencies) = postProject
		{09E6C570-7B44-3BA5-BF90-040372B40FF8} = {09E6C570-7B44-3BA5-BF90-040372B40FF8}
		{3856A2B4-7EFD-3139-ADBA-E3AB58D08E34} = {3856A2B4-7EFD-3139-ADBA-E3AB58D08E34}
		{6B367FBF-AFD7-37E9-9453-2BC27FC9B6AA} = {6B367FBF-AFD7-37E9-9453-2BC27FC9B6AA}
	EndProjectSection
EndProject
Project("{8BC9CEB8-8B4A-11D0-8D11-00A0C91BC942}") = "INSTALL", "INSTALL.vcxproj", "{6B4AB354-3238-32E1-9052-201CCA0D60FF}"
	ProjectSection(ProjectDependencies) = postProject
		{AFD8871B-7020-314A-A1A6-2FEA9FB383EA} = {AFD8871B-7020-314A-A1A6-2FEA9FB383EA}
		{09E6C570-7B44-3BA5-BF90-040372B40FF8} = {09E6C570-7B44-3BA5-BF90-040372B40FF8}
	EndProjectSection
EndProject
Project("{8BC9CEB8-8B4A-11D0-8D11-00A0C91BC942}") = "ZERO_CHECK", "ZERO_CHECK.vcxproj", "{09E6C570-7B44-3BA5-BF90-040372B40FF8}"
	ProjectSection(ProjectDependencies) = postProject
	EndProjectSection
EndProject
Project("{8BC9CEB8-8B4A-11D0-8D11-00A0C91BC942}") = "libzxing", "libzxing.vcxproj", "{3856A2B4-7EFD-3139-ADBA-E3AB58D08E34}"
	ProjectSection(ProjectDependencies) = postProject
		{09E6C570-7B44-3BA5-BF90-040372B40FF8} = {09E6C570-7B44-3BA5-BF90-040372B40FF8}
	EndProjectSection
EndProject
Project("{8BC9CEB8-8B4A-11D0-8D11-00A0C91BC942}") = "zxing", "zxing.vcxproj", "{6B367FBF-AFD7-37E9-9453-2BC27FC9B6AA}"
	ProjectSection(ProjectDependencies) = postProject
		{09E6C570-7B44-3BA5-BF90-040372B40FF8} = {09E6C570-7B44-3BA5-BF90-040372B40FF8}
		{3856A2B4-7EFD-3139-ADBA-E3AB58D08E34} = {3856A2B4-7EFD-3139-ADBA-E3AB58D08E34}
	EndProjectSection
EndProject
Global
	GlobalSection(SolutionConfigurationPlatforms) = preSolution
		Debug|Win32 = Debug|Win32
		Release|Win32 = Release|Win32
		MinSizeRel|Win32 = MinSizeRel|Win32
		RelWithDebInfo|Win32 = RelWithDebInfo|Win32
	EndGlobalSection
	GlobalSection(ProjectConfigurationPlatforms) = postSolution
		{AFD8871B-7020-314A-A1A6-2FEA9FB383EA}.Debug|Win32.ActiveCfg = Debug|Win32
		{AFD8871B-7020-314A-A1A6-2FEA9FB383EA}.Debug|Win32.Build.0 = Debug|Win32
		{AFD8871B-7020-314A-A1A6-2FEA9FB383EA}.Release|Win32.ActiveCfg = Release|Win32
		{AFD8871B-7020-314A-A1A6-2FEA9FB383EA}.Release|Win32.Build.0 = Release|Win32
		{AFD8871B-7020-314A-A1A6-2FEA9FB383EA}.MinSizeRel|Win32.ActiveCfg = MinSizeRel|Win32
		{AFD8871B-7020-314A-A1A6-2FEA9FB383EA}.MinSizeRel|Win32.Build.0 = MinSizeRel|Win32
		{AFD8871B-7020-314A-A1A6-2FEA9FB383EA}.RelWithDebInfo|Win32.ActiveCfg = RelWithDebInfo|Win32
		{AFD8871B-7020-314A-A1A6-2FEA9FB383EA}.RelWithDebInfo|Win32.Build.0 = RelWithDebInfo|Win32
		{6B4AB354-3238-32E1-9052-201CCA0D60FF}.Debug|Win32.ActiveCfg = Debug|Win32
		{6B4AB354-3238-32E1-9052-201CCA0D60FF}.Release|Win32.ActiveCfg = Release|Win32
		{6B4AB354-3238-32E1-9052-201CCA0D60FF}.MinSizeRel|Win32.ActiveCfg = MinSizeRel|Win32
		{6B4AB354-3238-32E1-9052-201CCA0D60FF}.RelWithDebInfo|Win32.ActiveCfg = RelWithDebInfo|Win32
		{09E6C570-7B44-3BA5-BF90-040372B40FF8}.Debug|Win32.ActiveCfg = Debug|Win32
		{09E6C570-7B44-3BA5-BF90-040372B40FF8}.Debug|Win32.Build.0 = Debug|Win32
		{09E6C570-7B44-3BA5-BF90-040372B40FF8}.Release|Win32.ActiveCfg = Release|Win32
		{09E6C570-7B44-3BA5-BF90-040372B40FF8}.Release|Win32.Build.0 = Release|Win32
		{09E6C570-7B44-3BA5-BF90-040372B40FF8}.MinSizeRel|Win32.ActiveCfg = MinSizeRel|Win32
		{09E6C570-7B44-3BA5-BF90-040372B40FF8}.MinSizeRel|Win32.Build.0 = MinSizeRel|Win32
		{09E6C570-7B44-3BA5-BF90-040372B40FF8}.RelWithDebInfo|Win32.ActiveCfg = RelWithDebInfo|Win32
		{09E6C570-7B44-3BA5-BF90-040372B40FF8}.RelWithDebInfo|Win32.Build.0 = RelWithDebInfo|Win32
		{3856A2B4-7EFD-3139-ADBA-E3AB58D08E34}.Debug|Win32.ActiveCfg = Debug|Win32
		{3856A2B4-7EFD-3139-ADBA-E3AB58D08E34}.Debug|Win32.Build.0 = Debug|Win32
		{3856A2B4-7EFD-3139-ADBA-E3AB58D08E34}.Release|Win32.ActiveCfg = Release|Win32
		{3856A2B4-7EFD-3139-ADBA-E3AB58D08E34}.Release|Win32.Build.0 = Release|Win32
		{3856A2B4-7EFD-3139-ADBA-E3AB58D08E34}.MinSizeRel|Win32.ActiveCfg = MinSizeRel|Win32
		{3856A2B4-7EFD-3139-ADBA-E3AB58D08E34}.MinSizeRel|Win32.Build.0 = MinSizeRel|Win32
		{3856A2B4-7EFD-3139-ADBA-E3AB58D08E34}.RelWithDebInfo|Win32.ActiveCfg = RelWithDebInfo|Win32
		{3856A2B4-7EFD-3139-ADBA-E3AB58D08E34}.RelWithDebInfo|Win32.Build.0 = RelWithDebInfo|Win32
		{6B367FBF-AFD7-37E9-9453-2BC27FC9B6AA}.Debug|Win32.ActiveCfg = Debug|Win32
		{6B367FBF-AFD7-37E9-9453-2BC27FC9B6AA}.Debug|Win32.Build.0 = Debug|Win32
		{6B367FBF-AFD7-37E9-9453-2BC27FC9B6AA}.Release|Win32.ActiveCfg = Release|Win32
		{6B367FBF-AFD7-37E9-9453-2BC27FC9B6AA}.Release|Win32.Build.0 = Release|Win32
		{6B367FBF-AFD7-37E9-9453-2BC27FC9B6AA}.MinSizeRel|Win32.ActiveCfg = MinSizeRel|Win32
		{6B367FBF-AFD7-37E9-9453-2BC27FC9B6AA}.MinSizeRel|Win32.Build.0 = MinSizeRel|Win32
		{6B367FBF-AFD7-37E9-9453-2BC27FC9B6AA}.RelWithDebInfo|Win32.ActiveCfg = RelWithDebInfo|Win32
		{6B367FBF-AFD7-37E9-9453-2BC27FC9B6AA}.RelWithDebInfo|Win32.Build.0 = RelWithDebInfo|Win32
	EndGlobalSection
	GlobalSection(ExtensibilityGlobals) = postSolution
	EndGlobalSection
	GlobalSection(ExtensibilityAddIns) = postSolution
	EndGlobalSection
EndGlobal
