<?xml version="1.0" encoding="UTF-8"?>
<Project ToolsVersion="14.0" xmlns="http://schemas.microsoft.com/developer/msbuild/2003">
  <ItemGroup>
    <ClCompile Include="D:\git-innoaus\devtools\zxing-cpp\cli\src\ImageReaderSource.cpp">
      <Filter>Source Files</Filter>
    </ClCompile>
    <ClCompile Include="D:\git-innoaus\devtools\zxing-cpp\cli\src\jpgd.cpp">
      <Filter>Source Files</Filter>
    </ClCompile>
    <ClCompile Include="D:\git-innoaus\devtools\zxing-cpp\cli\src\lodepng.cpp">
      <Filter>Source Files</Filter>
    </ClCompile>
    <ClCompile Include="D:\git-innoaus\devtools\zxing-cpp\cli\src\main.cpp">
      <Filter>Source Files</Filter>
    </ClCompile>
  </ItemGroup>
  <ItemGroup>
    <ClInclude Include="D:\git-innoaus\devtools\zxing-cpp\cli\src\ImageReaderSource.h">
      <Filter>Header Files</Filter>
    </ClInclude>
    <ClInclude Include="D:\git-innoaus\devtools\zxing-cpp\cli\src\jpgd.h">
      <Filter>Header Files</Filter>
    </ClInclude>
    <ClInclude Include="D:\git-innoaus\devtools\zxing-cpp\cli\src\lodepng.h">
      <Filter>Header Files</Filter>
    </ClInclude>
  </ItemGroup>
  <ItemGroup>
    <CustomBuild Include="D:\git-innoaus\devtools\zxing-cpp\CMakeLists.txt" />
  </ItemGroup>
  <ItemGroup>
    <Filter Include="Source Files">
      <UniqueIdentifier>{1948133F-74A2-3B1F-BE40-7C5643A257E0}</UniqueIdentifier>
    </Filter>
    <Filter Include="Header Files">
      <UniqueIdentifier>{325B8114-C313-3384-9325-8AF2161C6201}</UniqueIdentifier>
    </Filter>
  </ItemGroup>
</Project>
