Microsoft Visual Studio Solution File, Format Version 12.00
# Visual Studio 14
Project("{8BC9CEB8-8B4A-11D0-8D11-00A0C91BC942}") = "ALL_BUILD", "ALL_BUILD.vcxproj", "{11C89015-D695-3C6A-92C2-95B20FD8706F}"
	ProjectSection(ProjectDependencies) = postProject
		{33872935-CE7B-3D44-8E00-5847AEAB9802} = {33872935-CE7B-3D44-8E00-5847AEAB9802}
		{8D08059A-79E1-34DE-B839-FCE66C80F5D9} = {8D08059A-79E1-34DE-B839-FCE66C80F5D9}
		{6325FA20-980C-3828-821A-CD5F9A5EA157} = {6325FA20-980C-3828-821A-CD5F9A5EA157}
	EndProjectSection
EndProject
Project("{8BC9CEB8-8B4A-11D0-8D11-00A0C91BC942}") = "INSTALL", "INSTALL.vcxproj", "{D6D8FDB5-3727-342C-9B3E-46B04BFB57F3}"
	ProjectSection(ProjectDependencies) = postProject
		{11C89015-D695-3C6A-92C2-95B20FD8706F} = {11C89015-D695-3C6A-92C2-95B20FD8706F}
		{33872935-CE7B-3D44-8E00-5847AEAB9802} = {33872935-CE7B-3D44-8E00-5847AEAB9802}
	EndProjectSection
EndProject
Project("{8BC9CEB8-8B4A-11D0-8D11-00A0C91BC942}") = "ZERO_CHECK", "ZERO_CHECK.vcxproj", "{33872935-CE7B-3D44-8E00-5847AEAB9802}"
	ProjectSection(ProjectDependencies) = postProject
	EndProjectSection
EndProject
Project("{8BC9CEB8-8B4A-11D0-8D11-00A0C91BC942}") = "libzxing", "libzxing.vcxproj", "{8D08059A-79E1-34DE-B839-FCE66C80F5D9}"
	ProjectSection(ProjectDependencies) = postProject
		{33872935-CE7B-3D44-8E00-5847AEAB9802} = {33872935-CE7B-3D44-8E00-5847AEAB9802}
	EndProjectSection
EndProject
Project("{8BC9CEB8-8B4A-11D0-8D11-00A0C91BC942}") = "zxing", "zxing.vcxproj", "{6325FA20-980C-3828-821A-CD5F9A5EA157}"
	ProjectSection(ProjectDependencies) = postProject
		{33872935-CE7B-3D44-8E00-5847AEAB9802} = {33872935-CE7B-3D44-8E00-5847AEAB9802}
		{8D08059A-79E1-34DE-B839-FCE66C80F5D9} = {8D08059A-79E1-34DE-B839-FCE66C80F5D9}
	EndProjectSection
EndProject
Global
	GlobalSection(SolutionConfigurationPlatforms) = preSolution
		Debug|x64 = Debug|x64
		Release|x64 = Release|x64
		MinSizeRel|x64 = MinSizeRel|x64
		RelWithDebInfo|x64 = RelWithDebInfo|x64
	EndGlobalSection
	GlobalSection(ProjectConfigurationPlatforms) = postSolution
		{11C89015-D695-3C6A-92C2-95B20FD8706F}.Debug|x64.ActiveCfg = Debug|x64
		{11C89015-D695-3C6A-92C2-95B20FD8706F}.Debug|x64.Build.0 = Debug|x64
		{11C89015-D695-3C6A-92C2-95B20FD8706F}.Release|x64.ActiveCfg = Release|x64
		{11C89015-D695-3C6A-92C2-95B20FD8706F}.Release|x64.Build.0 = Release|x64
		{11C89015-D695-3C6A-92C2-95B20FD8706F}.MinSizeRel|x64.ActiveCfg = MinSizeRel|x64
		{11C89015-D695-3C6A-92C2-95B20FD8706F}.MinSizeRel|x64.Build.0 = MinSizeRel|x64
		{11C89015-D695-3C6A-92C2-95B20FD8706F}.RelWithDebInfo|x64.ActiveCfg = RelWithDebInfo|x64
		{11C89015-D695-3C6A-92C2-95B20FD8706F}.RelWithDebInfo|x64.Build.0 = RelWithDebInfo|x64
		{D6D8FDB5-3727-342C-9B3E-46B04BFB57F3}.Debug|x64.ActiveCfg = Debug|x64
		{D6D8FDB5-3727-342C-9B3E-46B04BFB57F3}.Release|x64.ActiveCfg = Release|x64
		{D6D8FDB5-3727-342C-9B3E-46B04BFB57F3}.MinSizeRel|x64.ActiveCfg = MinSizeRel|x64
		{D6D8FDB5-3727-342C-9B3E-46B04BFB57F3}.RelWithDebInfo|x64.ActiveCfg = RelWithDebInfo|x64
		{33872935-CE7B-3D44-8E00-5847AEAB9802}.Debug|x64.ActiveCfg = Debug|x64
		{33872935-CE7B-3D44-8E00-5847AEAB9802}.Debug|x64.Build.0 = Debug|x64
		{33872935-CE7B-3D44-8E00-5847AEAB9802}.Release|x64.ActiveCfg = Release|x64
		{33872935-CE7B-3D44-8E00-5847AEAB9802}.Release|x64.Build.0 = Release|x64
		{33872935-CE7B-3D44-8E00-5847AEAB9802}.MinSizeRel|x64.ActiveCfg = MinSizeRel|x64
		{33872935-CE7B-3D44-8E00-5847AEAB9802}.MinSizeRel|x64.Build.0 = MinSizeRel|x64
		{33872935-CE7B-3D44-8E00-5847AEAB9802}.RelWithDebInfo|x64.ActiveCfg = RelWithDebInfo|x64
		{33872935-CE7B-3D44-8E00-5847AEAB9802}.RelWithDebInfo|x64.Build.0 = RelWithDebInfo|x64
		{8D08059A-79E1-34DE-B839-FCE66C80F5D9}.Debug|x64.ActiveCfg = Debug|x64
		{8D08059A-79E1-34DE-B839-FCE66C80F5D9}.Debug|x64.Build.0 = Debug|x64
		{8D08059A-79E1-34DE-B839-FCE66C80F5D9}.Release|x64.ActiveCfg = Release|x64
		{8D08059A-79E1-34DE-B839-FCE66C80F5D9}.Release|x64.Build.0 = Release|x64
		{8D08059A-79E1-34DE-B839-FCE66C80F5D9}.MinSizeRel|x64.ActiveCfg = MinSizeRel|x64
		{8D08059A-79E1-34DE-B839-FCE66C80F5D9}.MinSizeRel|x64.Build.0 = MinSizeRel|x64
		{8D08059A-79E1-34DE-B839-FCE66C80F5D9}.RelWithDebInfo|x64.ActiveCfg = RelWithDebInfo|x64
		{8D08059A-79E1-34DE-B839-FCE66C80F5D9}.RelWithDebInfo|x64.Build.0 = RelWithDebInfo|x64
		{6325FA20-980C-3828-821A-CD5F9A5EA157}.Debug|x64.ActiveCfg = Debug|x64
		{6325FA20-980C-3828-821A-CD5F9A5EA157}.Debug|x64.Build.0 = Debug|x64
		{6325FA20-980C-3828-821A-CD5F9A5EA157}.Release|x64.ActiveCfg = Release|x64
		{6325FA20-980C-3828-821A-CD5F9A5EA157}.Release|x64.Build.0 = Release|x64
		{6325FA20-980C-3828-821A-CD5F9A5EA157}.MinSizeRel|x64.ActiveCfg = MinSizeRel|x64
		{6325FA20-980C-3828-821A-CD5F9A5EA157}.MinSizeRel|x64.Build.0 = MinSizeRel|x64
		{6325FA20-980C-3828-821A-CD5F9A5EA157}.RelWithDebInfo|x64.ActiveCfg = RelWithDebInfo|x64
		{6325FA20-980C-3828-821A-CD5F9A5EA157}.RelWithDebInfo|x64.Build.0 = RelWithDebInfo|x64
	EndGlobalSection
	GlobalSection(ExtensibilityGlobals) = postSolution
	EndGlobalSection
	GlobalSection(ExtensibilityAddIns) = postSolution
	EndGlobalSection
EndGlobal
