<?xml version="1.0" encoding="UTF-8"?>
<Project ToolsVersion="14.0" xmlns="http://schemas.microsoft.com/developer/msbuild/2003">
  <ItemGroup>
    <ClCompile Include="D:\git-innoaus\devtools\zxing-cpp\cli\src\ImageReaderSource.cpp">
      <Filter>Source Files</Filter>
    </ClCompile>
    <ClCompile Include="D:\git-innoaus\devtools\zxing-cpp\cli\src\jpgd.cpp">
      <Filter>Source Files</Filter>
    </ClCompile>
    <ClCompile Include="D:\git-innoaus\devtools\zxing-cpp\cli\src\lodepng.cpp">
      <Filter>Source Files</Filter>
    </ClCompile>
    <ClCompile Include="D:\git-innoaus\devtools\zxing-cpp\cli\src\main.cpp">
      <Filter>Source Files</Filter>
    </ClCompile>
  </ItemGroup>
  <ItemGroup>
    <ClInclude Include="D:\git-innoaus\devtools\zxing-cpp\cli\src\ImageReaderSource.h">
      <Filter>Header Files</Filter>
    </ClInclude>
    <ClInclude Include="D:\git-innoaus\devtools\zxing-cpp\cli\src\jpgd.h">
      <Filter>Header Files</Filter>
    </ClInclude>
    <ClInclude Include="D:\git-innoaus\devtools\zxing-cpp\cli\src\lodepng.h">
      <Filter>Header Files</Filter>
    </ClInclude>
  </ItemGroup>
  <ItemGroup>
    <CustomBuild Include="D:\git-innoaus\devtools\zxing-cpp\CMakeLists.txt" />
  </ItemGroup>
  <ItemGroup>
    <Filter Include="Source Files">
      <UniqueIdentifier>{60BCBA2E-E99F-39B7-A238-5C15011411A0}</UniqueIdentifier>
    </Filter>
    <Filter Include="Header Files">
      <UniqueIdentifier>{49294F1B-86BC-3FEF-9AFA-33FA067FF932}</UniqueIdentifier>
    </Filter>
  </ItemGroup>
</Project>
