Microsoft Visual Studio Solution File, Format Version 12.00
# Visual Studio 14
Project("{8BC9CEB8-8B4A-11D0-8D11-00A0C91BC942}") = "ALL_BUILD", "ALL_BUILD.vcxproj", "{6EC9CED7-2039-3D10-BD37-2C3989A16C61}"
	ProjectSection(ProjectDependencies) = postProject
		{04F5CB52-DC5F-3AE9-A5DF-AD0A3DEF4A37} = {04F5CB52-DC5F-3AE9-A5DF-AD0A3DEF4A37}
		{A9FA4360-628E-3813-A96A-43D2553287E7} = {A9FA4360-628E-3813-A96A-43D2553287E7}
		{2459B850-DEFF-33A7-A4B4-99D26473C8EA} = {2459B850-DEFF-33A7-A4B4-99D26473C8EA}
	EndProjectSection
EndProject
Project("{8BC9CEB8-8B4A-11D0-8D11-00A0C91BC942}") = "INSTALL", "INSTALL.vcxproj", "{3C948F51-B7DC-31C0-AD66-1E821BE9ABAE}"
	ProjectSection(ProjectDependencies) = postProject
		{6EC9CED7-2039-3D10-BD37-2C3989A16C61} = {6EC9CED7-2039-3D10-BD37-2C3989A16C61}
		{04F5CB52-DC5F-3AE9-A5DF-AD0A3DEF4A37} = {04F5CB52-DC5F-3AE9-A5DF-AD0A3DEF4A37}
	EndProjectSection
EndProject
Project("{8BC9CEB8-8B4A-11D0-8D11-00A0C91BC942}") = "ZERO_CHECK", "ZERO_CHECK.vcxproj", "{04F5CB52-DC5F-3AE9-A5DF-AD0A3DEF4A37}"
	ProjectSection(ProjectDependencies) = postProject
	EndProjectSection
EndProject
Project("{8BC9CEB8-8B4A-11D0-8D11-00A0C91BC942}") = "libzxing", "libzxing.vcxproj", "{A9FA4360-628E-3813-A96A-43D2553287E7}"
	ProjectSection(ProjectDependencies) = postProject
		{04F5CB52-DC5F-3AE9-A5DF-AD0A3DEF4A37} = {04F5CB52-DC5F-3AE9-A5DF-AD0A3DEF4A37}
	EndProjectSection
EndProject
Project("{8BC9CEB8-8B4A-11D0-8D11-00A0C91BC942}") = "zxing", "zxing.vcxproj", "{2459B850-DEFF-33A7-A4B4-99D26473C8EA}"
	ProjectSection(ProjectDependencies) = postProject
		{04F5CB52-DC5F-3AE9-A5DF-AD0A3DEF4A37} = {04F5CB52-DC5F-3AE9-A5DF-AD0A3DEF4A37}
		{A9FA4360-628E-3813-A96A-43D2553287E7} = {A9FA4360-628E-3813-A96A-43D2553287E7}
	EndProjectSection
EndProject
Global
	GlobalSection(SolutionConfigurationPlatforms) = preSolution
		Debug|x64 = Debug|x64
		Release|x64 = Release|x64
		MinSizeRel|x64 = MinSizeRel|x64
		RelWithDebInfo|x64 = RelWithDebInfo|x64
	EndGlobalSection
	GlobalSection(ProjectConfigurationPlatforms) = postSolution
		{6EC9CED7-2039-3D10-BD37-2C3989A16C61}.Debug|x64.ActiveCfg = Debug|x64
		{6EC9CED7-2039-3D10-BD37-2C3989A16C61}.Debug|x64.Build.0 = Debug|x64
		{6EC9CED7-2039-3D10-BD37-2C3989A16C61}.Release|x64.ActiveCfg = Release|x64
		{6EC9CED7-2039-3D10-BD37-2C3989A16C61}.Release|x64.Build.0 = Release|x64
		{6EC9CED7-2039-3D10-BD37-2C3989A16C61}.MinSizeRel|x64.ActiveCfg = MinSizeRel|x64
		{6EC9CED7-2039-3D10-BD37-2C3989A16C61}.MinSizeRel|x64.Build.0 = MinSizeRel|x64
		{6EC9CED7-2039-3D10-BD37-2C3989A16C61}.RelWithDebInfo|x64.ActiveCfg = RelWithDebInfo|x64
		{6EC9CED7-2039-3D10-BD37-2C3989A16C61}.RelWithDebInfo|x64.Build.0 = RelWithDebInfo|x64
		{3C948F51-B7DC-31C0-AD66-1E821BE9ABAE}.Debug|x64.ActiveCfg = Debug|x64
		{3C948F51-B7DC-31C0-AD66-1E821BE9ABAE}.Release|x64.ActiveCfg = Release|x64
		{3C948F51-B7DC-31C0-AD66-1E821BE9ABAE}.MinSizeRel|x64.ActiveCfg = MinSizeRel|x64
		{3C948F51-B7DC-31C0-AD66-1E821BE9ABAE}.RelWithDebInfo|x64.ActiveCfg = RelWithDebInfo|x64
		{04F5CB52-DC5F-3AE9-A5DF-AD0A3DEF4A37}.Debug|x64.ActiveCfg = Debug|x64
		{04F5CB52-DC5F-3AE9-A5DF-AD0A3DEF4A37}.Debug|x64.Build.0 = Debug|x64
		{04F5CB52-DC5F-3AE9-A5DF-AD0A3DEF4A37}.Release|x64.ActiveCfg = Release|x64
		{04F5CB52-DC5F-3AE9-A5DF-AD0A3DEF4A37}.Release|x64.Build.0 = Release|x64
		{04F5CB52-DC5F-3AE9-A5DF-AD0A3DEF4A37}.MinSizeRel|x64.ActiveCfg = MinSizeRel|x64
		{04F5CB52-DC5F-3AE9-A5DF-AD0A3DEF4A37}.MinSizeRel|x64.Build.0 = MinSizeRel|x64
		{04F5CB52-DC5F-3AE9-A5DF-AD0A3DEF4A37}.RelWithDebInfo|x64.ActiveCfg = RelWithDebInfo|x64
		{04F5CB52-DC5F-3AE9-A5DF-AD0A3DEF4A37}.RelWithDebInfo|x64.Build.0 = RelWithDebInfo|x64
		{A9FA4360-628E-3813-A96A-43D2553287E7}.Debug|x64.ActiveCfg = Debug|x64
		{A9FA4360-628E-3813-A96A-43D2553287E7}.Debug|x64.Build.0 = Debug|x64
		{A9FA4360-628E-3813-A96A-43D2553287E7}.Release|x64.ActiveCfg = Release|x64
		{A9FA4360-628E-3813-A96A-43D2553287E7}.Release|x64.Build.0 = Release|x64
		{A9FA4360-628E-3813-A96A-43D2553287E7}.MinSizeRel|x64.ActiveCfg = MinSizeRel|x64
		{A9FA4360-628E-3813-A96A-43D2553287E7}.MinSizeRel|x64.Build.0 = MinSizeRel|x64
		{A9FA4360-628E-3813-A96A-43D2553287E7}.RelWithDebInfo|x64.ActiveCfg = RelWithDebInfo|x64
		{A9FA4360-628E-3813-A96A-43D2553287E7}.RelWithDebInfo|x64.Build.0 = RelWithDebInfo|x64
		{2459B850-DEFF-33A7-A4B4-99D26473C8EA}.Debug|x64.ActiveCfg = Debug|x64
		{2459B850-DEFF-33A7-A4B4-99D26473C8EA}.Debug|x64.Build.0 = Debug|x64
		{2459B850-DEFF-33A7-A4B4-99D26473C8EA}.Release|x64.ActiveCfg = Release|x64
		{2459B850-DEFF-33A7-A4B4-99D26473C8EA}.Release|x64.Build.0 = Release|x64
		{2459B850-DEFF-33A7-A4B4-99D26473C8EA}.MinSizeRel|x64.ActiveCfg = MinSizeRel|x64
		{2459B850-DEFF-33A7-A4B4-99D26473C8EA}.MinSizeRel|x64.Build.0 = MinSizeRel|x64
		{2459B850-DEFF-33A7-A4B4-99D26473C8EA}.RelWithDebInfo|x64.ActiveCfg = RelWithDebInfo|x64
		{2459B850-DEFF-33A7-A4B4-99D26473C8EA}.RelWithDebInfo|x64.Build.0 = RelWithDebInfo|x64
	EndGlobalSection
	GlobalSection(ExtensibilityGlobals) = postSolution
	EndGlobalSection
	GlobalSection(ExtensibilityAddIns) = postSolution
	EndGlobalSection
EndGlobal
